
Microsoft Visual Studio Solution File, Format Version 12.00
# Visual Studio Version 17
VisualStudioVersion = 17.11.35327.3
MinimumVisualStudioVersion = 10.0.40219.1
Project("{FAE04EC0-301F-11D3-BF4B-00C04F79EFBC}") = "PortfolioCoreDay", "PortfolioCoreDay.csproj", "{59394224-6133-4594-AD80-46CD40B1376F}"
EndProject
Global
	GlobalSection(SolutionConfigurationPlatforms) = preSolution
		Debug|Any CPU = Debug|Any CPU
		Release|Any CPU = Release|Any CPU
	EndGlobalSection
	GlobalSection(ProjectConfigurationPlatforms) = postSolution
		{59394224-6133-4594-AD80-46CD40B1376F}.Debug|Any CPU.ActiveCfg = Debug|Any CPU
		{59394224-6133-4594-AD80-46CD40B1376F}.Debug|Any CPU.Build.0 = Debug|Any CPU
		{59394224-6133-4594-AD80-46CD40B1376F}.Release|Any CPU.ActiveCfg = Release|Any CPU
		{59394224-6133-4594-AD80-46CD40B1376F}.Release|Any CPU.Build.0 = Release|Any CPU
	EndGlobalSection
	GlobalSection(SolutionProperties) = preSolution
		HideSolutionNode = FALSE
	EndGlobalSection
	GlobalSection(ExtensibilityGlobals) = postSolution
		SolutionGuid = {C61FF6A8-EB21-4D35-8E67-109211CF85FF}
	EndGlobalSection
EndGlobal
